
Microsoft Visual Studio Solution File, Format Version 12.00
# Visual Studio 14
VisualStudioVersion = 14.0.24720.0
MinimumVisualStudioVersion = 10.0.40219.1
Project("{8BC9CEB8-8B4A-11D0-8D11-00A0C91BC942}") = "Assignment1", "gettingStarted.vcxproj", "{C67B45A1-6560-3AAD-971B-D2AEAC3CEE5C}"
EndProject
Project("{2150E333-8FDC-42A3-9474-1A3956D46DE8}") = "Solution Items", "Solution Items", "{C9D089F2-01D2-4232-A069-A324AD0D7EFD}"
	ProjectSection(SolutionItems) = preProject
		pv_vertex.txt = pv_vertex.txt
		src\vshader.glsl = src\vshader.glsl
	EndProjectSection
EndProject
Global
	GlobalSection(SolutionConfigurationPlatforms) = preSolution
		Debug|Win32 = Debug|Win32
		MinSizeRel|Win32 = MinSizeRel|Win32
		Release|Win32 = Release|Win32
		RelWithDebInfo|Win32 = RelWithDebInfo|Win32
	EndGlobalSection
	GlobalSection(ProjectConfigurationPlatforms) = postSolution
		{C67B45A1-6560-3AAD-971B-D2AEAC3CEE5C}.Debug|Win32.ActiveCfg = Debug|Win32
		{C67B45A1-6560-3AAD-971B-D2AEAC3CEE5C}.Debug|Win32.Build.0 = Debug|Win32
		{C67B45A1-6560-3AAD-971B-D2AEAC3CEE5C}.MinSizeRel|Win32.ActiveCfg = MinSizeRel|Win32
		{C67B45A1-6560-3AAD-971B-D2AEAC3CEE5C}.MinSizeRel|Win32.Build.0 = MinSizeRel|Win32
		{C67B45A1-6560-3AAD-971B-D2AEAC3CEE5C}.Release|Win32.ActiveCfg = Release|Win32
		{C67B45A1-6560-3AAD-971B-D2AEAC3CEE5C}.Release|Win32.Build.0 = Release|Win32
		{C67B45A1-6560-3AAD-971B-D2AEAC3CEE5C}.RelWithDebInfo|Win32.ActiveCfg = RelWithDebInfo|Win32
		{C67B45A1-6560-3AAD-971B-D2AEAC3CEE5C}.RelWithDebInfo|Win32.Build.0 = RelWithDebInfo|Win32
	EndGlobalSection
	GlobalSection(SolutionProperties) = preSolution
		HideSolutionNode = FALSE
	EndGlobalSection
EndGlobal
